// !$*UTF8*$!
{
	archiveVersion = 1;
	classes = {
	};
	objectVersion = 46;
	objects = {

/* Begin PBXBuildFile section */
		B042EC111A93891D00C2E6D9 /* main.m in Sources */ = {isa = PBXBuildFile; fileRef = B042EC101A93891D00C2E6D9 /* main.m */; };
		B042EC141A93891D00C2E6D9 /* AppDelegate.m in Sources */ = {isa = PBXBuildFile; fileRef = B042EC131A93891D00C2E6D9 /* AppDelegate.m */; };
		B042EC171A93891D00C2E6D9 /* DEMO_Framework.xcdatamodeld in Sources */ = {isa = PBXBuildFile; fileRef = B042EC151A93891D00C2E6D9 /* DEMO_Framework.xcdatamodeld */; };
		B042EC201A93891E00C2E6D9 /* Main.storyboard in Resources */ = {isa = PBXBuildFile; fileRef = B042EC1E1A93891E00C2E6D9 /* Main.storyboard */; };
		B042EC221A93891E00C2E6D9 /* Images.xcassets in Resources */ = {isa = PBXBuildFile; fileRef = B042EC211A93891E00C2E6D9 /* Images.xcassets */; };
		B042EC251A93891E00C2E6D9 /* LaunchScreen.xib in Resources */ = {isa = PBXBuildFile; fileRef = B042EC231A93891E00C2E6D9 /* LaunchScreen.xib */; };
		B042EC311A93891E00C2E6D9 /* DEMO_FrameworkTests.m in Sources */ = {isa = PBXBuildFile; fileRef = B042EC301A93891E00C2E6D9 /* DEMO_FrameworkTests.m */; };
		B042EC3E1A938BC300C2E6D9 /* SensorTableViewCell.m in Sources */ = {isa = PBXBuildFile; fileRef = B042EC3C1A938BC300C2E6D9 /* SensorTableViewCell.m */; };
		B042EC3F1A938BC300C2E6D9 /* SensorTableViewCell.xib in Resources */ = {isa = PBXBuildFile; fileRef = B042EC3D1A938BC300C2E6D9 /* SensorTableViewCell.xib */; };
		B042EC7B1A939B6200C2E6D9 /* DetailViewController.m in Sources */ = {isa = PBXBuildFile; fileRef = B042EC781A939B6200C2E6D9 /* DetailViewController.m */; };
		B042EC7C1A939B6200C2E6D9 /* MasterViewController.m in Sources */ = {isa = PBXBuildFile; fileRef = B042EC7A1A939B6200C2E6D9 /* MasterViewController.m */; };
		B042EC7F1A939D0A00C2E6D9 /* CoreDataManager.m in Sources */ = {isa = PBXBuildFile; fileRef = B042EC7E1A939D0A00C2E6D9 /* CoreDataManager.m */; };
		B042EC821A939D2100C2E6D9 /* APIManager.m in Sources */ = {isa = PBXBuildFile; fileRef = B042EC811A939D2100C2E6D9 /* APIManager.m */; };
		B042EC8A1A93ABD500C2E6D9 /* SensorType.m in Sources */ = {isa = PBXBuildFile; fileRef = B042EC891A93ABD500C2E6D9 /* SensorType.m */; };
		B042EC8D1A93ABD500C2E6D9 /* SensorTypeCategory.m in Sources */ = {isa = PBXBuildFile; fileRef = B042EC8C1A93ABD500C2E6D9 /* SensorTypeCategory.m */; };
		B042EC901A93ABD500C2E6D9 /* Controller.m in Sources */ = {isa = PBXBuildFile; fileRef = B042EC8F1A93ABD500C2E6D9 /* Controller.m */; };
		B042EC931A93ABD600C2E6D9 /* Sensor.m in Sources */ = {isa = PBXBuildFile; fileRef = B042EC921A93ABD600C2E6D9 /* Sensor.m */; };
		B042EC961A93ABD600C2E6D9 /* SensorReading.m in Sources */ = {isa = PBXBuildFile; fileRef = B042EC951A93ABD600C2E6D9 /* SensorReading.m */; };
		B0CDE4171A94EB7700C8F60E /* NSDate+PrettyDate.m in Sources */ = {isa = PBXBuildFile; fileRef = B0CDE4161A94EB7700C8F60E /* NSDate+PrettyDate.m */; };
/* End PBXBuildFile section */

/* Begin PBXContainerItemProxy section */
		B042EC2B1A93891E00C2E6D9 /* PBXContainerItemProxy */ = {
			isa = PBXContainerItemProxy;
			containerPortal = B042EC031A93891D00C2E6D9 /* Project object */;
			proxyType = 1;
			remoteGlobalIDString = B042EC0A1A93891D00C2E6D9;
			remoteInfo = "DEMO Framework";
		};
/* End PBXContainerItemProxy section */

/* Begin PBXFileReference section */
		B042EC0B1A93891D00C2E6D9 /* DEMO Framework.app */ = {isa = PBXFileReference; explicitFileType = wrapper.application; includeInIndex = 0; path = "DEMO Framework.app"; sourceTree = BUILT_PRODUCTS_DIR; };
		B042EC0F1A93891D00C2E6D9 /* Info.plist */ = {isa = PBXFileReference; lastKnownFileType = text.plist.xml; path = Info.plist; sourceTree = "<group>"; };
		B042EC101A93891D00C2E6D9 /* main.m */ = {isa = PBXFileReference; lastKnownFileType = sourcecode.c.objc; path = main.m; sourceTree = "<group>"; };
		B042EC121A93891D00C2E6D9 /* AppDelegate.h */ = {isa = PBXFileReference; lastKnownFileType = sourcecode.c.h; path = AppDelegate.h; sourceTree = "<group>"; };
		B042EC131A93891D00C2E6D9 /* AppDelegate.m */ = {isa = PBXFileReference; lastKnownFileType = sourcecode.c.objc; path = AppDelegate.m; sourceTree = "<group>"; };
		B042EC161A93891D00C2E6D9 /* DEMO_Framework.xcdatamodel */ = {isa = PBXFileReference; lastKnownFileType = wrapper.xcdatamodel; path = DEMO_Framework.xcdatamodel; sourceTree = "<group>"; };
		B042EC1F1A93891E00C2E6D9 /* Base */ = {isa = PBXFileReference; lastKnownFileType = file.storyboard; name = Base; path = Base.lproj/Main.storyboard; sourceTree = "<group>"; };
		B042EC211A93891E00C2E6D9 /* Images.xcassets */ = {isa = PBXFileReference; lastKnownFileType = folder.assetcatalog; path = Images.xcassets; sourceTree = "<group>"; };
		B042EC241A93891E00C2E6D9 /* Base */ = {isa = PBXFileReference; lastKnownFileType = file.xib; name = Base; path = Base.lproj/LaunchScreen.xib; sourceTree = "<group>"; };
		B042EC2A1A93891E00C2E6D9 /* DEMO FrameworkTests.xctest */ = {isa = PBXFileReference; explicitFileType = wrapper.cfbundle; includeInIndex = 0; path = "DEMO FrameworkTests.xctest"; sourceTree = BUILT_PRODUCTS_DIR; };
		B042EC2F1A93891E00C2E6D9 /* Info.plist */ = {isa = PBXFileReference; lastKnownFileType = text.plist.xml; path = Info.plist; sourceTree = "<group>"; };
		B042EC301A93891E00C2E6D9 /* DEMO_FrameworkTests.m */ = {isa = PBXFileReference; lastKnownFileType = sourcecode.c.objc; path = DEMO_FrameworkTests.m; sourceTree = "<group>"; };
		B042EC3B1A938BC300C2E6D9 /* SensorTableViewCell.h */ = {isa = PBXFileReference; fileEncoding = 4; lastKnownFileType = sourcecode.c.h; path = SensorTableViewCell.h; sourceTree = "<group>"; };
		B042EC3C1A938BC300C2E6D9 /* SensorTableViewCell.m */ = {isa = PBXFileReference; fileEncoding = 4; lastKnownFileType = sourcecode.c.objc; path = SensorTableViewCell.m; sourceTree = "<group>"; };
		B042EC3D1A938BC300C2E6D9 /* SensorTableViewCell.xib */ = {isa = PBXFileReference; fileEncoding = 4; lastKnownFileType = file.xib; path = SensorTableViewCell.xib; sourceTree = "<group>"; };
		B042EC771A939B6200C2E6D9 /* DetailViewController.h */ = {isa = PBXFileReference; fileEncoding = 4; lastKnownFileType = sourcecode.c.h; path = DetailViewController.h; sourceTree = "<group>"; };
		B042EC781A939B6200C2E6D9 /* DetailViewController.m */ = {isa = PBXFileReference; fileEncoding = 4; lastKnownFileType = sourcecode.c.objc; path = DetailViewController.m; sourceTree = "<group>"; };
		B042EC791A939B6200C2E6D9 /* MasterViewController.h */ = {isa = PBXFileReference; fileEncoding = 4; lastKnownFileType = sourcecode.c.h; path = MasterViewController.h; sourceTree = "<group>"; };
		B042EC7A1A939B6200C2E6D9 /* MasterViewController.m */ = {isa = PBXFileReference; fileEncoding = 4; lastKnownFileType = sourcecode.c.objc; path = MasterViewController.m; sourceTree = "<group>"; };
		B042EC7D1A939D0A00C2E6D9 /* CoreDataManager.h */ = {isa = PBXFileReference; fileEncoding = 4; lastKnownFileType = sourcecode.c.h; path = CoreDataManager.h; sourceTree = "<group>"; };
		B042EC7E1A939D0A00C2E6D9 /* CoreDataManager.m */ = {isa = PBXFileReference; fileEncoding = 4; lastKnownFileType = sourcecode.c.objc; path = CoreDataManager.m; sourceTree = "<group>"; };
		B042EC801A939D2100C2E6D9 /* APIManager.h */ = {isa = PBXFileReference; fileEncoding = 4; lastKnownFileType = sourcecode.c.h; path = APIManager.h; sourceTree = "<group>"; };
		B042EC811A939D2100C2E6D9 /* APIManager.m */ = {isa = PBXFileReference; fileEncoding = 4; lastKnownFileType = sourcecode.c.objc; path = APIManager.m; sourceTree = "<group>"; };
		B042EC881A93ABD500C2E6D9 /* SensorType.h */ = {isa = PBXFileReference; fileEncoding = 4; lastKnownFileType = sourcecode.c.h; path = SensorType.h; sourceTree = "<group>"; };
		B042EC891A93ABD500C2E6D9 /* SensorType.m */ = {isa = PBXFileReference; fileEncoding = 4; lastKnownFileType = sourcecode.c.objc; path = SensorType.m; sourceTree = "<group>"; };
		B042EC8B1A93ABD500C2E6D9 /* SensorTypeCategory.h */ = {isa = PBXFileReference; fileEncoding = 4; lastKnownFileType = sourcecode.c.h; path = SensorTypeCategory.h; sourceTree = "<group>"; };
		B042EC8C1A93ABD500C2E6D9 /* SensorTypeCategory.m */ = {isa = PBXFileReference; fileEncoding = 4; lastKnownFileType = sourcecode.c.objc; path = SensorTypeCategory.m; sourceTree = "<group>"; };
		B042EC8E1A93ABD500C2E6D9 /* Controller.h */ = {isa = PBXFileReference; fileEncoding = 4; lastKnownFileType = sourcecode.c.h; path = Controller.h; sourceTree = "<group>"; };
		B042EC8F1A93ABD500C2E6D9 /* Controller.m */ = {isa = PBXFileReference; fileEncoding = 4; lastKnownFileType = sourcecode.c.objc; path = Controller.m; sourceTree = "<group>"; };
		B042EC911A93ABD600C2E6D9 /* Sensor.h */ = {isa = PBXFileReference; fileEncoding = 4; lastKnownFileType = sourcecode.c.h; path = Sensor.h; sourceTree = "<group>"; };
		B042EC921A93ABD600C2E6D9 /* Sensor.m */ = {isa = PBXFileReference; fileEncoding = 4; lastKnownFileType = sourcecode.c.objc; path = Sensor.m; sourceTree = "<group>"; };
		B042EC941A93ABD600C2E6D9 /* SensorReading.h */ = {isa = PBXFileReference; fileEncoding = 4; lastKnownFileType = sourcecode.c.h; path = SensorReading.h; sourceTree = "<group>"; };
		B042EC951A93ABD600C2E6D9 /* SensorReading.m */ = {isa = PBXFileReference; fileEncoding = 4; lastKnownFileType = sourcecode.c.objc; path = SensorReading.m; sourceTree = "<group>"; };
		B0CDE4151A94EB7700C8F60E /* NSDate+PrettyDate.h */ = {isa = PBXFileReference; fileEncoding = 4; lastKnownFileType = sourcecode.c.h; path = "NSDate+PrettyDate.h"; sourceTree = "<group>"; };
		B0CDE4161A94EB7700C8F60E /* NSDate+PrettyDate.m */ = {isa = PBXFileReference; fileEncoding = 4; lastKnownFileType = sourcecode.c.objc; path = "NSDate+PrettyDate.m"; sourceTree = "<group>"; };
/* End PBXFileReference section */

/* Begin PBXFrameworksBuildPhase section */
		B042EC081A93891D00C2E6D9 /* Frameworks */ = {
			isa = PBXFrameworksBuildPhase;
			buildActionMask = 2147483647;
			files = (
			);
			runOnlyForDeploymentPostprocessing = 0;
		};
		B042EC271A93891E00C2E6D9 /* Frameworks */ = {
			isa = PBXFrameworksBuildPhase;
			buildActionMask = 2147483647;
			files = (
			);
			runOnlyForDeploymentPostprocessing = 0;
		};
/* End PBXFrameworksBuildPhase section */

/* Begin PBXGroup section */
		B042EC021A93891D00C2E6D9 = {
			isa = PBXGroup;
			children = (
				B042EC0D1A93891D00C2E6D9 /* DEMO Framework */,
				B042EC2D1A93891E00C2E6D9 /* DEMO FrameworkTests */,
				B042EC0C1A93891D00C2E6D9 /* Products */,
			);
			sourceTree = "<group>";
		};
		B042EC0C1A93891D00C2E6D9 /* Products */ = {
			isa = PBXGroup;
			children = (
				B042EC0B1A93891D00C2E6D9 /* DEMO Framework.app */,
				B042EC2A1A93891E00C2E6D9 /* DEMO FrameworkTests.xctest */,
			);
			name = Products;
			sourceTree = "<group>";
		};
		B042EC0D1A93891D00C2E6D9 /* DEMO Framework */ = {
			isa = PBXGroup;
			children = (
				B042EC871A93ABC300C2E6D9 /* Models */,
				B042EC831A93A4CA00C2E6D9 /* Categories */,
				B042EC761A939B1100C2E6D9 /* Controllers */,
				B042EC751A939AFD00C2E6D9 /* Managers */,
				B042EC3A1A938B9D00C2E6D9 /* Views */,
				B042EC121A93891D00C2E6D9 /* AppDelegate.h */,
				B042EC131A93891D00C2E6D9 /* AppDelegate.m */,
				B042EC1E1A93891E00C2E6D9 /* Main.storyboard */,
				B042EC211A93891E00C2E6D9 /* Images.xcassets */,
				B042EC231A93891E00C2E6D9 /* LaunchScreen.xib */,
				B042EC151A93891D00C2E6D9 /* DEMO_Framework.xcdatamodeld */,
				B042EC0E1A93891D00C2E6D9 /* Supporting Files */,
			);
			path = "DEMO Framework";
			sourceTree = "<group>";
		};
		B042EC0E1A93891D00C2E6D9 /* Supporting Files */ = {
			isa = PBXGroup;
			children = (
				B042EC0F1A93891D00C2E6D9 /* Info.plist */,
				B042EC101A93891D00C2E6D9 /* main.m */,
			);
			name = "Supporting Files";
			sourceTree = "<group>";
		};
		B042EC2D1A93891E00C2E6D9 /* DEMO FrameworkTests */ = {
			isa = PBXGroup;
			children = (
				B042EC301A93891E00C2E6D9 /* DEMO_FrameworkTests.m */,
				B042EC2E1A93891E00C2E6D9 /* Supporting Files */,
			);
			path = "DEMO FrameworkTests";
			sourceTree = "<group>";
		};
		B042EC2E1A93891E00C2E6D9 /* Supporting Files */ = {
			isa = PBXGroup;
			children = (
				B042EC2F1A93891E00C2E6D9 /* Info.plist */,
			);
			name = "Supporting Files";
			sourceTree = "<group>";
		};
		B042EC3A1A938B9D00C2E6D9 /* Views */ = {
			isa = PBXGroup;
			children = (
				B042EC3B1A938BC300C2E6D9 /* SensorTableViewCell.h */,
				B042EC3C1A938BC300C2E6D9 /* SensorTableViewCell.m */,
				B042EC3D1A938BC300C2E6D9 /* SensorTableViewCell.xib */,
			);
			path = Views;
			sourceTree = "<group>";
		};
		B042EC751A939AFD00C2E6D9 /* Managers */ = {
			isa = PBXGroup;
			children = (
				B042EC7D1A939D0A00C2E6D9 /* CoreDataManager.h */,
				B042EC7E1A939D0A00C2E6D9 /* CoreDataManager.m */,
				B042EC801A939D2100C2E6D9 /* APIManager.h */,
				B042EC811A939D2100C2E6D9 /* APIManager.m */,
			);
			path = Managers;
			sourceTree = "<group>";
		};
		B042EC761A939B1100C2E6D9 /* Controllers */ = {
			isa = PBXGroup;
			children = (
				B042EC771A939B6200C2E6D9 /* DetailViewController.h */,
				B042EC781A939B6200C2E6D9 /* DetailViewController.m */,
				B042EC791A939B6200C2E6D9 /* MasterViewController.h */,
				B042EC7A1A939B6200C2E6D9 /* MasterViewController.m */,
			);
			path = Controllers;
			sourceTree = "<group>";
		};
		B042EC831A93A4CA00C2E6D9 /* Categories */ = {
			isa = PBXGroup;
			children = (
				B0CDE4151A94EB7700C8F60E /* NSDate+PrettyDate.h */,
				B0CDE4161A94EB7700C8F60E /* NSDate+PrettyDate.m */,
			);
			path = Categories;
			sourceTree = "<group>";
		};
		B042EC871A93ABC300C2E6D9 /* Models */ = {
			isa = PBXGroup;
			children = (
				B042EC941A93ABD600C2E6D9 /* SensorReading.h */,
				B042EC951A93ABD600C2E6D9 /* SensorReading.m */,
				B042EC911A93ABD600C2E6D9 /* Sensor.h */,
				B042EC921A93ABD600C2E6D9 /* Sensor.m */,
				B042EC8E1A93ABD500C2E6D9 /* Controller.h */,
				B042EC8F1A93ABD500C2E6D9 /* Controller.m */,
				B042EC8B1A93ABD500C2E6D9 /* SensorTypeCategory.h */,
				B042EC8C1A93ABD500C2E6D9 /* SensorTypeCategory.m */,
				B042EC881A93ABD500C2E6D9 /* SensorType.h */,
				B042EC891A93ABD500C2E6D9 /* SensorType.m */,
			);
			path = Models;
			sourceTree = "<group>";
		};
/* End PBXGroup section */

/* Begin PBXNativeTarget section */
		B042EC0A1A93891D00C2E6D9 /* DEMO Framework */ = {
			isa = PBXNativeTarget;
			buildConfigurationList = B042EC341A93891E00C2E6D9 /* Build configuration list for PBXNativeTarget "DEMO Framework" */;
			buildPhases = (
				B042EC071A93891D00C2E6D9 /* Sources */,
				B042EC081A93891D00C2E6D9 /* Frameworks */,
				B042EC091A93891D00C2E6D9 /* Resources */,
			);
			buildRules = (
			);
			dependencies = (
			);
			name = "DEMO Framework";
			productName = "DEMO Framework";
			productReference = B042EC0B1A93891D00C2E6D9 /* DEMO Framework.app */;
			productType = "com.apple.product-type.application";
		};
		B042EC291A93891E00C2E6D9 /* DEMO FrameworkTests */ = {
			isa = PBXNativeTarget;
			buildConfigurationList = B042EC371A93891E00C2E6D9 /* Build configuration list for PBXNativeTarget "DEMO FrameworkTests" */;
			buildPhases = (
				B042EC261A93891E00C2E6D9 /* Sources */,
				B042EC271A93891E00C2E6D9 /* Frameworks */,
				B042EC281A93891E00C2E6D9 /* Resources */,
			);
			buildRules = (
			);
			dependencies = (
				B042EC2C1A93891E00C2E6D9 /* PBXTargetDependency */,
			);
			name = "DEMO FrameworkTests";
			productName = "DEMO FrameworkTests";
			productReference = B042EC2A1A93891E00C2E6D9 /* DEMO FrameworkTests.xctest */;
			productType = "com.apple.product-type.bundle.unit-test";
		};
/* End PBXNativeTarget section */

/* Begin PBXProject section */
		B042EC031A93891D00C2E6D9 /* Project object */ = {
			isa = PBXProject;
			attributes = {
				LastUpgradeCheck = 0610;
				ORGANIZATIONNAME = "SAP Canada";
				TargetAttributes = {
					B042EC0A1A93891D00C2E6D9 = {
						CreatedOnToolsVersion = 6.1.1;
					};
					B042EC291A93891E00C2E6D9 = {
						CreatedOnToolsVersion = 6.1.1;
						TestTargetID = B042EC0A1A93891D00C2E6D9;
					};
				};
			};
			buildConfigurationList = B042EC061A93891D00C2E6D9 /* Build configuration list for PBXProject "DEMO Framework" */;
			compatibilityVersion = "Xcode 3.2";
			developmentRegion = English;
			hasScannedForEncodings = 0;
			knownRegions = (
				en,
				Base,
			);
			mainGroup = B042EC021A93891D00C2E6D9;
			productRefGroup = B042EC0C1A93891D00C2E6D9 /* Products */;
			projectDirPath = "";
			projectRoot = "";
			targets = (
				B042EC0A1A93891D00C2E6D9 /* DEMO Framework */,
				B042EC291A93891E00C2E6D9 /* DEMO FrameworkTests */,
			);
		};
/* End PBXProject section */

/* Begin PBXResourcesBuildPhase section */
		B042EC091A93891D00C2E6D9 /* Resources */ = {
			isa = PBXResourcesBuildPhase;
			buildActionMask = 2147483647;
			files = (
				B042EC201A93891E00C2E6D9 /* Main.storyboard in Resources */,
				B042EC3F1A938BC300C2E6D9 /* SensorTableViewCell.xib in Resources */,
				B042EC251A93891E00C2E6D9 /* LaunchScreen.xib in Resources */,
				B042EC221A93891E00C2E6D9 /* Images.xcassets in Resources */,
			);
			runOnlyForDeploymentPostprocessing = 0;
		};
		B042EC281A93891E00C2E6D9 /* Resources */ = {
			isa = PBXResourcesBuildPhase;
			buildActionMask = 2147483647;
			files = (
			);
			runOnlyForDeploymentPostprocessing = 0;
		};
/* End PBXResourcesBuildPhase section */

/* Begin PBXSourcesBuildPhase section */
		B042EC071A93891D00C2E6D9 /* Sources */ = {
			isa = PBXSourcesBuildPhase;
			buildActionMask = 2147483647;
			files = (
				B0CDE4171A94EB7700C8F60E /* NSDate+PrettyDate.m in Sources */,
				B042EC171A93891D00C2E6D9 /* DEMO_Framework.xcdatamodeld in Sources */,
				B042EC3E1A938BC300C2E6D9 /* SensorTableViewCell.m in Sources */,
				B042EC7B1A939B6200C2E6D9 /* DetailViewController.m in Sources */,
				B042EC7F1A939D0A00C2E6D9 /* CoreDataManager.m in Sources */,
				B042EC8D1A93ABD500C2E6D9 /* SensorTypeCategory.m in Sources */,
				B042EC961A93ABD600C2E6D9 /* SensorReading.m in Sources */,
				B042EC7C1A939B6200C2E6D9 /* MasterViewController.m in Sources */,
				B042EC141A93891D00C2E6D9 /* AppDelegate.m in Sources */,
				B042EC821A939D2100C2E6D9 /* APIManager.m in Sources */,
				B042EC111A93891D00C2E6D9 /* main.m in Sources */,
				B042EC8A1A93ABD500C2E6D9 /* SensorType.m in Sources */,
				B042EC931A93ABD600C2E6D9 /* Sensor.m in Sources */,
				B042EC901A93ABD500C2E6D9 /* Controller.m in Sources */,
			);
			runOnlyForDeploymentPostprocessing = 0;
		};
		B042EC261A93891E00C2E6D9 /* Sources */ = {
			isa = PBXSourcesBuildPhase;
			buildActionMask = 2147483647;
			files = (
				B042EC311A93891E00C2E6D9 /* DEMO_FrameworkTests.m in Sources */,
			);
			runOnlyForDeploymentPostprocessing = 0;
		};
/* End PBXSourcesBuildPhase section */

/* Begin PBXTargetDependency section */
		B042EC2C1A93891E00C2E6D9 /* PBXTargetDependency */ = {
			isa = PBXTargetDependency;
			target = B042EC0A1A93891D00C2E6D9 /* DEMO Framework */;
			targetProxy = B042EC2B1A93891E00C2E6D9 /* PBXContainerItemProxy */;
		};
/* End PBXTargetDependency section */

/* Begin PBXVariantGroup section */
		B042EC1E1A93891E00C2E6D9 /* Main.storyboard */ = {
			isa = PBXVariantGroup;
			children = (
				B042EC1F1A93891E00C2E6D9 /* Base */,
			);
			name = Main.storyboard;
			sourceTree = "<group>";
		};
		B042EC231A93891E00C2E6D9 /* LaunchScreen.xib */ = {
			isa = PBXVariantGroup;
			children = (
				B042EC241A93891E00C2E6D9 /* Base */,
			);
			name = LaunchScreen.xib;
			sourceTree = "<group>";
		};
/* End PBXVariantGroup section */

/* Begin XCBuildConfiguration section */
		B042EC321A93891E00C2E6D9 /* Debug */ = {
			isa = XCBuildConfiguration;
			buildSettings = {
				ALWAYS_SEARCH_USER_PATHS = NO;
				CLANG_CXX_LANGUAGE_STANDARD = "gnu++0x";
				CLANG_CXX_LIBRARY = "libc++";
				CLANG_ENABLE_MODULES = YES;
				CLANG_ENABLE_OBJC_ARC = YES;
				CLANG_WARN_BOOL_CONVERSION = YES;
				CLANG_WARN_CONSTANT_CONVERSION = YES;
				CLANG_WARN_DIRECT_OBJC_ISA_USAGE = YES_ERROR;
				CLANG_WARN_EMPTY_BODY = YES;
				CLANG_WARN_ENUM_CONVERSION = YES;
				CLANG_WARN_INT_CONVERSION = YES;
				CLANG_WARN_OBJC_ROOT_CLASS = YES_ERROR;
				CLANG_WARN_UNREACHABLE_CODE = YES;
				CLANG_WARN__DUPLICATE_METHOD_MATCH = YES;
				"CODE_SIGN_IDENTITY[sdk=iphoneos*]" = "iPhone Developer";
				COPY_PHASE_STRIP = NO;
				ENABLE_STRICT_OBJC_MSGSEND = YES;
				GCC_C_LANGUAGE_STANDARD = gnu99;
				GCC_DYNAMIC_NO_PIC = NO;
				GCC_OPTIMIZATION_LEVEL = 0;
				GCC_PREPROCESSOR_DEFINITIONS = (
					"DEBUG=1",
					"$(inherited)",
				);
				GCC_SYMBOLS_PRIVATE_EXTERN = NO;
				GCC_WARN_64_TO_32_BIT_CONVERSION = YES;
				GCC_WARN_ABOUT_RETURN_TYPE = YES_ERROR;
				GCC_WARN_UNDECLARED_SELECTOR = YES;
				GCC_WARN_UNINITIALIZED_AUTOS = YES_AGGRESSIVE;
				GCC_WARN_UNUSED_FUNCTION = YES;
				GCC_WARN_UNUSED_VARIABLE = YES;
				IPHONEOS_DEPLOYMENT_TARGET = 8.1;
				MTL_ENABLE_DEBUG_INFO = YES;
				ONLY_ACTIVE_ARCH = YES;
				SDKROOT = iphoneos;
				TARGETED_DEVICE_FAMILY = 2;
			};
			name = Debug;
		};
		B042EC331A93891E00C2E6D9 /* Release */ = {
			isa = XCBuildConfiguration;
			buildSettings = {
				ALWAYS_SEARCH_USER_PATHS = NO;
				CLANG_CXX_LANGUAGE_STANDARD = "gnu++0x";
				CLANG_CXX_LIBRARY = "libc++";
				CLANG_ENABLE_MODULES = YES;
				CLANG_ENABLE_OBJC_ARC = YES;
				CLANG_WARN_BOOL_CONVERSION = YES;
				CLANG_WARN_CONSTANT_CONVERSION = YES;
				CLANG_WARN_DIRECT_OBJC_ISA_USAGE = YES_ERROR;
				CLANG_WARN_EMPTY_BODY = YES;
				CLANG_WARN_ENUM_CONVERSION = YES;
				CLANG_WARN_INT_CONVERSION = YES;
				CLANG_WARN_OBJC_ROOT_CLASS = YES_ERROR;
				CLANG_WARN_UNREACHABLE_CODE = YES;
				CLANG_WARN__DUPLICATE_METHOD_MATCH = YES;
				"CODE_SIGN_IDENTITY[sdk=iphoneos*]" = "iPhone Developer";
				COPY_PHASE_STRIP = YES;
				ENABLE_NS_ASSERTIONS = NO;
				ENABLE_STRICT_OBJC_MSGSEND = YES;
				GCC_C_LANGUAGE_STANDARD = gnu99;
				GCC_WARN_64_TO_32_BIT_CONVERSION = YES;
				GCC_WARN_ABOUT_RETURN_TYPE = YES_ERROR;
				GCC_WARN_UNDECLARED_SELECTOR = YES;
				GCC_WARN_UNINITIALIZED_AUTOS = YES_AGGRESSIVE;
				GCC_WARN_UNUSED_FUNCTION = YES;
				GCC_WARN_UNUSED_VARIABLE = YES;
				IPHONEOS_DEPLOYMENT_TARGET = 8.1;
				MTL_ENABLE_DEBUG_INFO = NO;
				SDKROOT = iphoneos;
				TARGETED_DEVICE_FAMILY = 2;
				VALIDATE_PRODUCT = YES;
			};
			name = Release;
		};
		B042EC351A93891E00C2E6D9 /* Debug */ = {
			isa = XCBuildConfiguration;
			buildSettings = {
				ASSETCATALOG_COMPILER_APPICON_NAME = AppIcon;
				INFOPLIST_FILE = "DEMO Framework/Info.plist";
				LD_RUNPATH_SEARCH_PATHS = "$(inherited) @executable_path/Frameworks";
				PRODUCT_NAME = "$(TARGET_NAME)";
			};
			name = Debug;
		};
		B042EC361A93891E00C2E6D9 /* Release */ = {
			isa = XCBuildConfiguration;
			buildSettings = {
				ASSETCATALOG_COMPILER_APPICON_NAME = AppIcon;
				INFOPLIST_FILE = "DEMO Framework/Info.plist";
				LD_RUNPATH_SEARCH_PATHS = "$(inherited) @executable_path/Frameworks";
				PRODUCT_NAME = "$(TARGET_NAME)";
			};
			name = Release;
		};
		B042EC381A93891E00C2E6D9 /* Debug */ = {
			isa = XCBuildConfiguration;
			buildSettings = {
				BUNDLE_LOADER = "$(TEST_HOST)";
				FRAMEWORK_SEARCH_PATHS = (
					"$(SDKROOT)/Developer/Library/Frameworks",
					"$(inherited)",
				);
				GCC_PREPROCESSOR_DEFINITIONS = (
					"DEBUG=1",
					"$(inherited)",
				);
				INFOPLIST_FILE = "DEMO FrameworkTests/Info.plist";
				LD_RUNPATH_SEARCH_PATHS = "$(inherited) @executable_path/Frameworks @loader_path/Frameworks";
				PRODUCT_NAME = "$(TARGET_NAME)";
				TEST_HOST = "$(BUILT_PRODUCTS_DIR)/DEMO Framework.app/DEMO Framework";
			};
			name = Debug;
		};
		B042EC391A93891E00C2E6D9 /* Release */ = {
			isa = XCBuildConfiguration;
			buildSettings = {
				BUNDLE_LOADER = "$(TEST_HOST)";
				FRAMEWORK_SEARCH_PATHS = (
					"$(SDKROOT)/Developer/Library/Frameworks",
					"$(inherited)",
				);
				INFOPLIST_FILE = "DEMO FrameworkTests/Info.plist";
				LD_RUNPATH_SEARCH_PATHS = "$(inherited) @executable_path/Frameworks @loader_path/Frameworks";
				PRODUCT_NAME = "$(TARGET_NAME)";
				TEST_HOST = "$(BUILT_PRODUCTS_DIR)/DEMO Framework.app/DEMO Framework";
			};
			name = Release;
		};
/* End XCBuildConfiguration section */

/* Begin XCConfigurationList section */
		B042EC061A93891D00C2E6D9 /* Build configuration list for PBXProject "DEMO Framework" */ = {
			isa = XCConfigurationList;
			buildConfigurations = (
				B042EC321A93891E00C2E6D9 /* Debug */,
				B042EC331A93891E00C2E6D9 /* Release */,
			);
			defaultConfigurationIsVisible = 0;
			defaultConfigurationName = Release;
		};
		B042EC341A93891E00C2E6D9 /* Build configuration list for PBXNativeTarget "DEMO Framework" */ = {
			isa = XCConfigurationList;
			buildConfigurations = (
				B042EC351A93891E00C2E6D9 /* Debug */,
				B042EC361A93891E00C2E6D9 /* Release */,
			);
			defaultConfigurationIsVisible = 0;
			defaultConfigurationName = Release;
		};
		B042EC371A93891E00C2E6D9 /* Build configuration list for PBXNativeTarget "DEMO FrameworkTests" */ = {
			isa = XCConfigurationList;
			buildConfigurations = (
				B042EC381A93891E00C2E6D9 /* Debug */,
				B042EC391A93891E00C2E6D9 /* Release */,
			);
			defaultConfigurationIsVisible = 0;
			defaultConfigurationName = Release;
		};
/* End XCConfigurationList section */

/* Begin XCVersionGroup section */
		B042EC151A93891D00C2E6D9 /* DEMO_Framework.xcdatamodeld */ = {
			isa = XCVersionGroup;
			children = (
				B042EC161A93891D00C2E6D9 /* DEMO_Framework.xcdatamodel */,
			);
			currentVersion = B042EC161A93891D00C2E6D9 /* DEMO_Framework.xcdatamodel */;
			path = DEMO_Framework.xcdatamodeld;
			sourceTree = "<group>";
			versionGroupType = wrapper.xcdatamodel;
		};
/* End XCVersionGroup section */
	};
	rootObject = B042EC031A93891D00C2E6D9 /* Project object */;
}
